
Microsoft Visual Studio Solution File, Format Version 12.00
# Visual Studio Version 17
VisualStudioVersion = 17.3.32728.150
MinimumVisualStudioVersion = 10.0.40219.1
Project("{FAE04EC0-301F-11D3-BF4B-00C04F79EFBC}") = "Lab2_2", "Lab2_2\Lab2_2.csproj", "{35E32C32-3AF2-45E9-8DB7-F922BEC63DE9}"
EndProject
Global
	GlobalSection(SolutionConfigurationPlatforms) = preSolution
		Debug|Any CPU = Debug|Any CPU
		Release|Any CPU = Release|Any CPU
	EndGlobalSection
	GlobalSection(ProjectConfigurationPlatforms) = postSolution
		{35E32C32-3AF2-45E9-8DB7-F922BEC63DE9}.Debug|Any CPU.ActiveCfg = Debug|Any CPU
		{35E32C32-3AF2-45E9-8DB7-F922BEC63DE9}.Debug|Any CPU.Build.0 = Debug|Any CPU
		{35E32C32-3AF2-45E9-8DB7-F922BEC63DE9}.Release|Any CPU.ActiveCfg = Release|Any CPU
		{35E32C32-3AF2-45E9-8DB7-F922BEC63DE9}.Release|Any CPU.Build.0 = Release|Any CPU
	EndGlobalSection
	GlobalSection(SolutionProperties) = preSolution
		HideSolutionNode = FALSE
	EndGlobalSection
	GlobalSection(ExtensibilityGlobals) = postSolution
		SolutionGuid = {E02C960F-FCEE-4249-A866-61910C4AA4C2}
	EndGlobalSection
EndGlobal
